<?xml version="1.0" encoding="UTF-8"?>
<Project ToolsVersion="14.0" xmlns="http://schemas.microsoft.com/developer/msbuild/2003">
  <ItemGroup>
    <ClCompile Include="X:\_02_Repos\Repos\19iv_SSMetis4Win\SuiteSparse\AMD\SourceWrappers\amd_global.c">
      <Filter>Source Files</Filter>
    </ClCompile>
    <ClCompile Include="X:\_02_Repos\Repos\19iv_SSMetis4Win\SuiteSparse\AMD\SourceWrappers\amd_i_1.o.c">
      <Filter>Source Files</Filter>
    </ClCompile>
    <ClCompile Include="X:\_02_Repos\Repos\19iv_SSMetis4Win\SuiteSparse\AMD\SourceWrappers\amd_i_2.o.c">
      <Filter>Source Files</Filter>
    </ClCompile>
    <ClCompile Include="X:\_02_Repos\Repos\19iv_SSMetis4Win\SuiteSparse\AMD\SourceWrappers\amd_i_aat.o.c">
      <Filter>Source Files</Filter>
    </ClCompile>
    <ClCompile Include="X:\_02_Repos\Repos\19iv_SSMetis4Win\SuiteSparse\AMD\SourceWrappers\amd_i_control.o.c">
      <Filter>Source Files</Filter>
    </ClCompile>
    <ClCompile Include="X:\_02_Repos\Repos\19iv_SSMetis4Win\SuiteSparse\AMD\SourceWrappers\amd_i_defaults.o.c">
      <Filter>Source Files</Filter>
    </ClCompile>
    <ClCompile Include="X:\_02_Repos\Repos\19iv_SSMetis4Win\SuiteSparse\AMD\SourceWrappers\amd_i_dump.o.c">
      <Filter>Source Files</Filter>
    </ClCompile>
    <ClCompile Include="X:\_02_Repos\Repos\19iv_SSMetis4Win\SuiteSparse\AMD\SourceWrappers\amd_i_info.o.c">
      <Filter>Source Files</Filter>
    </ClCompile>
    <ClCompile Include="X:\_02_Repos\Repos\19iv_SSMetis4Win\SuiteSparse\AMD\SourceWrappers\amd_i_order.o.c">
      <Filter>Source Files</Filter>
    </ClCompile>
    <ClCompile Include="X:\_02_Repos\Repos\19iv_SSMetis4Win\SuiteSparse\AMD\SourceWrappers\amd_i_postorder.o.c">
      <Filter>Source Files</Filter>
    </ClCompile>
    <ClCompile Include="X:\_02_Repos\Repos\19iv_SSMetis4Win\SuiteSparse\AMD\SourceWrappers\amd_i_post_tree.o.c">
      <Filter>Source Files</Filter>
    </ClCompile>
    <ClCompile Include="X:\_02_Repos\Repos\19iv_SSMetis4Win\SuiteSparse\AMD\SourceWrappers\amd_i_preprocess.o.c">
      <Filter>Source Files</Filter>
    </ClCompile>
    <ClCompile Include="X:\_02_Repos\Repos\19iv_SSMetis4Win\SuiteSparse\AMD\SourceWrappers\amd_i_valid.o.c">
      <Filter>Source Files</Filter>
    </ClCompile>
    <ClCompile Include="X:\_02_Repos\Repos\19iv_SSMetis4Win\SuiteSparse\AMD\SourceWrappers\amd_l_1.o.c">
      <Filter>Source Files</Filter>
    </ClCompile>
    <ClCompile Include="X:\_02_Repos\Repos\19iv_SSMetis4Win\SuiteSparse\AMD\SourceWrappers\amd_l_2.o.c">
      <Filter>Source Files</Filter>
    </ClCompile>
    <ClCompile Include="X:\_02_Repos\Repos\19iv_SSMetis4Win\SuiteSparse\AMD\SourceWrappers\amd_l_aat.o.c">
      <Filter>Source Files</Filter>
    </ClCompile>
    <ClCompile Include="X:\_02_Repos\Repos\19iv_SSMetis4Win\SuiteSparse\AMD\SourceWrappers\amd_l_control.o.c">
      <Filter>Source Files</Filter>
    </ClCompile>
    <ClCompile Include="X:\_02_Repos\Repos\19iv_SSMetis4Win\SuiteSparse\AMD\SourceWrappers\amd_l_defaults.o.c">
      <Filter>Source Files</Filter>
    </ClCompile>
    <ClCompile Include="X:\_02_Repos\Repos\19iv_SSMetis4Win\SuiteSparse\AMD\SourceWrappers\amd_l_dump.o.c">
      <Filter>Source Files</Filter>
    </ClCompile>
    <ClCompile Include="X:\_02_Repos\Repos\19iv_SSMetis4Win\SuiteSparse\AMD\SourceWrappers\amd_l_info.o.c">
      <Filter>Source Files</Filter>
    </ClCompile>
    <ClCompile Include="X:\_02_Repos\Repos\19iv_SSMetis4Win\SuiteSparse\AMD\SourceWrappers\amd_l_order.o.c">
      <Filter>Source Files</Filter>
    </ClCompile>
    <ClCompile Include="X:\_02_Repos\Repos\19iv_SSMetis4Win\SuiteSparse\AMD\SourceWrappers\amd_l_postorder.o.c">
      <Filter>Source Files</Filter>
    </ClCompile>
    <ClCompile Include="X:\_02_Repos\Repos\19iv_SSMetis4Win\SuiteSparse\AMD\SourceWrappers\amd_l_post_tree.o.c">
      <Filter>Source Files</Filter>
    </ClCompile>
    <ClCompile Include="X:\_02_Repos\Repos\19iv_SSMetis4Win\SuiteSparse\AMD\SourceWrappers\amd_l_preprocess.o.c">
      <Filter>Source Files</Filter>
    </ClCompile>
    <ClCompile Include="X:\_02_Repos\Repos\19iv_SSMetis4Win\SuiteSparse\AMD\SourceWrappers\amd_l_valid.o.c">
      <Filter>Source Files</Filter>
    </ClCompile>
  </ItemGroup>
  <ItemGroup>
    <ClInclude Include="X:\_02_Repos\Repos\19iv_SSMetis4Win\SuiteSparse\AMD\Include\amd.h">
      <Filter>Header Files</Filter>
    </ClInclude>
    <ClInclude Include="X:\_02_Repos\Repos\19iv_SSMetis4Win\SuiteSparse\AMD\Include\amd_internal.h">
      <Filter>Header Files</Filter>
    </ClInclude>
  </ItemGroup>
  <ItemGroup>
    <CustomBuild Include="X:\_02_Repos\Repos\19iv_SSMetis4Win\SuiteSparse\AMD\CMakeLists.txt" />
  </ItemGroup>
  <ItemGroup>
    <Filter Include="Source Files">
      <UniqueIdentifier>{CACFBCE4-67A1-45F1-B757-76730E6D7E30}</UniqueIdentifier>
    </Filter>
    <Filter Include="Header Files">
      <UniqueIdentifier>{F7B63046-5F01-469A-B3CB-3999B7C0C25F}</UniqueIdentifier>
    </Filter>
  </ItemGroup>
</Project>
