<?xml version="1.0" encoding="UTF-8"?>
<Project ToolsVersion="12.0" xmlns="http://schemas.microsoft.com/developer/msbuild/2003">
  <ItemGroup>
    <ClCompile Include="X:\_02_Repos\Repos\19iv_SSMetis4Win\metis\programs\m2gmetis.c">
      <Filter>Source Files</Filter>
    </ClCompile>
    <ClCompile Include="X:\_02_Repos\Repos\19iv_SSMetis4Win\metis\programs\cmdline_m2gmetis.c">
      <Filter>Source Files</Filter>
    </ClCompile>
    <ClCompile Include="X:\_02_Repos\Repos\19iv_SSMetis4Win\metis\programs\io.c">
      <Filter>Source Files</Filter>
    </ClCompile>
  </ItemGroup>
  <ItemGroup>
    <CustomBuild Include="X:\_02_Repos\Repos\19iv_SSMetis4Win\metis\programs\CMakeLists.txt" />
  </ItemGroup>
  <ItemGroup>
    <Filter Include="Source Files">
      <UniqueIdentifier>{06C45DC1-AB2A-4061-BC17-C4A22F79E0EF}</UniqueIdentifier>
    </Filter>
  </ItemGroup>
</Project>
