<?xml version="1.0" encoding="UTF-8"?>
<Project ToolsVersion="12.0" xmlns="http://schemas.microsoft.com/developer/msbuild/2003">
  <ItemGroup>
    <ClCompile Include="X:\_02_Repos\Repos\19iv_SSMetis4Win\SuiteSparse\GPUQREngine\Source\GPUQREngine_ExpertDense.cpp">
      <Filter>Source Files</Filter>
    </ClCompile>
    <ClCompile Include="X:\_02_Repos\Repos\19iv_SSMetis4Win\SuiteSparse\GPUQREngine\Source\GPUQREngine_ExpertSparse.cpp">
      <Filter>Source Files</Filter>
    </ClCompile>
    <ClCompile Include="X:\_02_Repos\Repos\19iv_SSMetis4Win\SuiteSparse\GPUQREngine\Source\GPUQREngine_GraphVizHelper.cpp">
      <Filter>Source Files</Filter>
    </ClCompile>
    <ClCompile Include="X:\_02_Repos\Repos\19iv_SSMetis4Win\SuiteSparse\GPUQREngine\Source\GPUQREngine_Internal.cpp">
      <Filter>Source Files</Filter>
    </ClCompile>
  </ItemGroup>
  <ItemGroup>
    <CustomBuild Include="X:\_02_Repos\Repos\19iv_SSMetis4Win\SuiteSparse\GPUQREngine\Source\GPUQREngine_UberKernel.cu" />
    <CustomBuild Include="X:\_02_Repos\Repos\19iv_SSMetis4Win\SuiteSparse\GPUQREngine\CMakeLists.txt" />
  </ItemGroup>
  <ItemGroup>
    <Object Include="X:\_02_Repos\Repos\19iv_SSMetis4Win\build2013\SuiteSparse\GPUQREngine\CMakeFiles\GPUQREngine.dir\Source\$(Configuration)\GPUQREngine_generated_GPUQREngine_UberKernel.cu.obj">
      <Filter>Object Files</Filter>
    </Object>
  </ItemGroup>
  <ItemGroup>
    <Filter Include="Source Files">
      <UniqueIdentifier>{06C45DC1-AB2A-4061-BC17-C4A22F79E0EF}</UniqueIdentifier>
    </Filter>
    <Filter Include="Object Files">
      <UniqueIdentifier>{9B796261-9DF3-4252-99AC-CF8B9A9EF96B}</UniqueIdentifier>
    </Filter>
  </ItemGroup>
</Project>
