<?xml version="1.0" encoding="UTF-8"?>
<Project ToolsVersion="14.0" xmlns="http://schemas.microsoft.com/developer/msbuild/2003">
  <ItemGroup>
    <CustomBuild Include="X:\_02_Repos\Repos\19iv_SSMetis4Win\build2015\CMakeFiles\81c03c429766a435f671de22880f204b\INSTALL_force.rule">
      <Filter>CMake Rules</Filter>
    </CustomBuild>
  </ItemGroup>
  <ItemGroup>
    <Filter Include="CMake Rules">
      <UniqueIdentifier>{3E31C802-54C9-471D-971D-9272766781E0}</UniqueIdentifier>
    </Filter>
  </ItemGroup>
</Project>
