<?xml version="1.0" encoding="UTF-8"?>
<Project ToolsVersion="14.0" xmlns="http://schemas.microsoft.com/developer/msbuild/2003">
  <ItemGroup>
    <ClCompile Include="X:\_02_Repos\Repos\19iv_SSMetis4Win\SuiteSparse\SuiteSparse_GPURuntime\Source\SuiteSparseGPU_Workspace.cpp">
      <Filter>Source Files</Filter>
    </ClCompile>
    <ClCompile Include="X:\_02_Repos\Repos\19iv_SSMetis4Win\SuiteSparse\SuiteSparse_GPURuntime\Source\SuiteSparseGPU_Workspace_cpuAllocators.cpp">
      <Filter>Source Files</Filter>
    </ClCompile>
    <ClCompile Include="X:\_02_Repos\Repos\19iv_SSMetis4Win\SuiteSparse\SuiteSparse_GPURuntime\Source\SuiteSparseGPU_Workspace_gpuAllocators.cpp">
      <Filter>Source Files</Filter>
    </ClCompile>
    <ClCompile Include="X:\_02_Repos\Repos\19iv_SSMetis4Win\SuiteSparse\SuiteSparse_GPURuntime\Source\SuiteSparseGPU_Workspace_transfer.cpp">
      <Filter>Source Files</Filter>
    </ClCompile>
  </ItemGroup>
  <ItemGroup>
    <ClInclude Include="X:\_02_Repos\Repos\19iv_SSMetis4Win\SuiteSparse\SuiteSparse_GPURuntime\Include\SuiteSparseGPU_debug.hpp">
      <Filter>Header Files</Filter>
    </ClInclude>
    <ClInclude Include="X:\_02_Repos\Repos\19iv_SSMetis4Win\SuiteSparse\SuiteSparse_GPURuntime\Include\SuiteSparseGPU_macros.hpp">
      <Filter>Header Files</Filter>
    </ClInclude>
    <ClInclude Include="X:\_02_Repos\Repos\19iv_SSMetis4Win\SuiteSparse\SuiteSparse_GPURuntime\Include\SuiteSparseGPU_Runtime.hpp">
      <Filter>Header Files</Filter>
    </ClInclude>
    <ClInclude Include="X:\_02_Repos\Repos\19iv_SSMetis4Win\SuiteSparse\SuiteSparse_GPURuntime\Include\SuiteSparseGPU_Workspace.hpp">
      <Filter>Header Files</Filter>
    </ClInclude>
    <ClInclude Include="X:\_02_Repos\Repos\19iv_SSMetis4Win\SuiteSparse\SuiteSparse_GPURuntime\Include\SuiteSparseGPU_workspace_macros.hpp">
      <Filter>Header Files</Filter>
    </ClInclude>
  </ItemGroup>
  <ItemGroup>
    <CustomBuild Include="X:\_02_Repos\Repos\19iv_SSMetis4Win\SuiteSparse\SuiteSparse_GPURuntime\CMakeLists.txt" />
  </ItemGroup>
  <ItemGroup>
    <Filter Include="Source Files">
      <UniqueIdentifier>{CACFBCE4-67A1-45F1-B757-76730E6D7E30}</UniqueIdentifier>
    </Filter>
    <Filter Include="Header Files">
      <UniqueIdentifier>{F7B63046-5F01-469A-B3CB-3999B7C0C25F}</UniqueIdentifier>
    </Filter>
  </ItemGroup>
</Project>
