Microsoft Visual Studio Solution File, Format Version 12.00
# Visual Studio 2013
Project("{8BC9CEB8-8B4A-11D0-8D11-00A0C91BC942}") = "ALL_BUILD", "ALL_BUILD.vcxproj", "{8AB869E6-2611-4FDA-8704-0C2C1B9E18EB}"
	ProjectSection(ProjectDependencies) = postProject
		{B494B18F-865F-47EB-953C-EB04B6F7EE47} = {B494B18F-865F-47EB-953C-EB04B6F7EE47}
	EndProjectSection
EndProject
Project("{8BC9CEB8-8B4A-11D0-8D11-00A0C91BC942}") = "INSTALL", "INSTALL.vcxproj", "{69776DD0-86A5-4037-BF15-935B2DCFFBB3}"
	ProjectSection(ProjectDependencies) = postProject
		{8AB869E6-2611-4FDA-8704-0C2C1B9E18EB} = {8AB869E6-2611-4FDA-8704-0C2C1B9E18EB}
	EndProjectSection
EndProject
Project("{8BC9CEB8-8B4A-11D0-8D11-00A0C91BC942}") = "SuiteSparse_GPURuntime", "SuiteSparse_GPURuntime.vcxproj", "{B494B18F-865F-47EB-953C-EB04B6F7EE47}"
	ProjectSection(ProjectDependencies) = postProject
		{BFA56060-F1B0-4FC6-B844-038C3BFE8451} = {BFA56060-F1B0-4FC6-B844-038C3BFE8451}
	EndProjectSection
EndProject
Project("{8BC9CEB8-8B4A-11D0-8D11-00A0C91BC942}") = "ZERO_CHECK", "..\..\\ZERO_CHECK.vcxproj", "{BFA56060-F1B0-4FC6-B844-038C3BFE8451}"
	ProjectSection(ProjectDependencies) = postProject
	EndProjectSection
EndProject
Global
	GlobalSection(SolutionConfigurationPlatforms) = preSolution
		Debug|x64 = Debug|x64
		Release|x64 = Release|x64
		MinSizeRel|x64 = MinSizeRel|x64
		RelWithDebInfo|x64 = RelWithDebInfo|x64
	EndGlobalSection
	GlobalSection(ProjectConfigurationPlatforms) = postSolution
		{8AB869E6-2611-4FDA-8704-0C2C1B9E18EB}.Debug|x64.ActiveCfg = Debug|x64
		{8AB869E6-2611-4FDA-8704-0C2C1B9E18EB}.Debug|x64.Build.0 = Debug|x64
		{8AB869E6-2611-4FDA-8704-0C2C1B9E18EB}.Release|x64.ActiveCfg = Release|x64
		{8AB869E6-2611-4FDA-8704-0C2C1B9E18EB}.Release|x64.Build.0 = Release|x64
		{8AB869E6-2611-4FDA-8704-0C2C1B9E18EB}.MinSizeRel|x64.ActiveCfg = MinSizeRel|x64
		{8AB869E6-2611-4FDA-8704-0C2C1B9E18EB}.MinSizeRel|x64.Build.0 = MinSizeRel|x64
		{8AB869E6-2611-4FDA-8704-0C2C1B9E18EB}.RelWithDebInfo|x64.ActiveCfg = RelWithDebInfo|x64
		{8AB869E6-2611-4FDA-8704-0C2C1B9E18EB}.RelWithDebInfo|x64.Build.0 = RelWithDebInfo|x64
		{69776DD0-86A5-4037-BF15-935B2DCFFBB3}.Debug|x64.ActiveCfg = Debug|x64
		{69776DD0-86A5-4037-BF15-935B2DCFFBB3}.Release|x64.ActiveCfg = Release|x64
		{69776DD0-86A5-4037-BF15-935B2DCFFBB3}.MinSizeRel|x64.ActiveCfg = MinSizeRel|x64
		{69776DD0-86A5-4037-BF15-935B2DCFFBB3}.RelWithDebInfo|x64.ActiveCfg = RelWithDebInfo|x64
		{B494B18F-865F-47EB-953C-EB04B6F7EE47}.Debug|x64.ActiveCfg = Debug|x64
		{B494B18F-865F-47EB-953C-EB04B6F7EE47}.Debug|x64.Build.0 = Debug|x64
		{B494B18F-865F-47EB-953C-EB04B6F7EE47}.Release|x64.ActiveCfg = Release|x64
		{B494B18F-865F-47EB-953C-EB04B6F7EE47}.Release|x64.Build.0 = Release|x64
		{B494B18F-865F-47EB-953C-EB04B6F7EE47}.MinSizeRel|x64.ActiveCfg = MinSizeRel|x64
		{B494B18F-865F-47EB-953C-EB04B6F7EE47}.MinSizeRel|x64.Build.0 = MinSizeRel|x64
		{B494B18F-865F-47EB-953C-EB04B6F7EE47}.RelWithDebInfo|x64.ActiveCfg = RelWithDebInfo|x64
		{B494B18F-865F-47EB-953C-EB04B6F7EE47}.RelWithDebInfo|x64.Build.0 = RelWithDebInfo|x64
		{BFA56060-F1B0-4FC6-B844-038C3BFE8451}.Debug|x64.ActiveCfg = Debug|x64
		{BFA56060-F1B0-4FC6-B844-038C3BFE8451}.Debug|x64.Build.0 = Debug|x64
		{BFA56060-F1B0-4FC6-B844-038C3BFE8451}.Release|x64.ActiveCfg = Release|x64
		{BFA56060-F1B0-4FC6-B844-038C3BFE8451}.Release|x64.Build.0 = Release|x64
		{BFA56060-F1B0-4FC6-B844-038C3BFE8451}.MinSizeRel|x64.ActiveCfg = MinSizeRel|x64
		{BFA56060-F1B0-4FC6-B844-038C3BFE8451}.MinSizeRel|x64.Build.0 = MinSizeRel|x64
		{BFA56060-F1B0-4FC6-B844-038C3BFE8451}.RelWithDebInfo|x64.ActiveCfg = RelWithDebInfo|x64
		{BFA56060-F1B0-4FC6-B844-038C3BFE8451}.RelWithDebInfo|x64.Build.0 = RelWithDebInfo|x64
	EndGlobalSection
	GlobalSection(ExtensibilityGlobals) = postSolution
	EndGlobalSection
	GlobalSection(ExtensibilityAddIns) = postSolution
	EndGlobalSection
EndGlobal
